// !$*UTF8*$!
{
	archiveVersion = 1;
	classes = {
	};
	objectVersion = 50;
	objects = {

/* Begin PBXBuildFile section */
		741DBD242201253000953D4B /* AppDelegate.swift in Sources */ = {isa = PBXBuildFile; fileRef = 741DBD232201253000953D4B /* AppDelegate.swift */; };
		741DBD262201253000953D4B /* ViewController.swift in Sources */ = {isa = PBXBuildFile; fileRef = 741DBD252201253000953D4B /* ViewController.swift */; };
		741DBD292201253000953D4B /* Main.storyboard in Resources */ = {isa = PBXBuildFile; fileRef = 741DBD272201253000953D4B /* Main.storyboard */; };
		741DBD2B2201253200953D4B /* Assets.xcassets in Resources */ = {isa = PBXBuildFile; fileRef = 741DBD2A2201253200953D4B /* Assets.xcassets */; };
		741DBD2E2201253200953D4B /* LaunchScreen.storyboard in Resources */ = {isa = PBXBuildFile; fileRef = 741DBD2C2201253200953D4B /* LaunchScreen.storyboard */; };
		741DBD37220127DF00953D4B /* StarsParticles.scnp in Resources */ = {isa = PBXBuildFile; fileRef = 741DBD35220127DF00953D4B /* StarsParticles.scnp */; };
		741DBD38220127DF00953D4B /* star.png in Resources */ = {isa = PBXBuildFile; fileRef = 741DBD36220127DF00953D4B /* star.png */; };
		741DBD3A22012A0A00953D4B /* EarthNode.swift in Sources */ = {isa = PBXBuildFile; fileRef = 741DBD3922012A0A00953D4B /* EarthNode.swift */; };
/* End PBXBuildFile section */

/* Begin PBXFileReference section */
		741DBD202201253000953D4B /* 3dEarth.app */ = {isa = PBXFileReference; explicitFileType = wrapper.application; includeInIndex = 0; path = 3dEarth.app; sourceTree = BUILT_PRODUCTS_DIR; };
		741DBD232201253000953D4B /* AppDelegate.swift */ = {isa = PBXFileReference; lastKnownFileType = sourcecode.swift; path = AppDelegate.swift; sourceTree = "<group>"; };
		741DBD252201253000953D4B /* ViewController.swift */ = {isa = PBXFileReference; lastKnownFileType = sourcecode.swift; path = ViewController.swift; sourceTree = "<group>"; };
		741DBD282201253000953D4B /* Base */ = {isa = PBXFileReference; lastKnownFileType = file.storyboard; name = Base; path = Base.lproj/Main.storyboard; sourceTree = "<group>"; };
		741DBD2A2201253200953D4B /* Assets.xcassets */ = {isa = PBXFileReference; lastKnownFileType = folder.assetcatalog; path = Assets.xcassets; sourceTree = "<group>"; };
		741DBD2D2201253200953D4B /* Base */ = {isa = PBXFileReference; lastKnownFileType = file.storyboard; name = Base; path = Base.lproj/LaunchScreen.storyboard; sourceTree = "<group>"; };
		741DBD2F2201253200953D4B /* Info.plist */ = {isa = PBXFileReference; lastKnownFileType = text.plist.xml; path = Info.plist; sourceTree = "<group>"; };
		741DBD35220127DF00953D4B /* StarsParticles.scnp */ = {isa = PBXFileReference; lastKnownFileType = file.scp; path = StarsParticles.scnp; sourceTree = "<group>"; };
		741DBD36220127DF00953D4B /* star.png */ = {isa = PBXFileReference; lastKnownFileType = image.png; path = star.png; sourceTree = "<group>"; };
		741DBD3922012A0A00953D4B /* EarthNode.swift */ = {isa = PBXFileReference; lastKnownFileType = sourcecode.swift; path = EarthNode.swift; sourceTree = "<group>"; };
/* End PBXFileReference section */

/* Begin PBXFrameworksBuildPhase section */
		741DBD1D2201253000953D4B /* Frameworks */ = {
			isa = PBXFrameworksBuildPhase;
			buildActionMask = 2147483647;
			files = (
			);
			runOnlyForDeploymentPostprocessing = 0;
		};
/* End PBXFrameworksBuildPhase section */

/* Begin PBXGroup section */
		741DBD172201253000953D4B = {
			isa = PBXGroup;
			children = (
				741DBD222201253000953D4B /* 3dEarth */,
				741DBD212201253000953D4B /* Products */,
			);
			sourceTree = "<group>";
		};
		741DBD212201253000953D4B /* Products */ = {
			isa = PBXGroup;
			children = (
				741DBD202201253000953D4B /* 3dEarth.app */,
			);
			name = Products;
			sourceTree = "<group>";
		};
		741DBD222201253000953D4B /* 3dEarth */ = {
			isa = PBXGroup;
			children = (
				741DBD232201253000953D4B /* AppDelegate.swift */,
				741DBD252201253000953D4B /* ViewController.swift */,
				741DBD3922012A0A00953D4B /* EarthNode.swift */,
				741DBD35220127DF00953D4B /* StarsParticles.scnp */,
				741DBD36220127DF00953D4B /* star.png */,
				741DBD272201253000953D4B /* Main.storyboard */,
				741DBD2A2201253200953D4B /* Assets.xcassets */,
				741DBD2C2201253200953D4B /* LaunchScreen.storyboard */,
				741DBD2F2201253200953D4B /* Info.plist */,
			);
			path = 3dEarth;
			sourceTree = "<group>";
		};
/* End PBXGroup section */

/* Begin PBXNativeTarget section */
		741DBD1F2201253000953D4B /* 3dEarth */ = {
			isa = PBXNativeTarget;
			buildConfigurationList = 741DBD322201253200953D4B /* Build configuration list for PBXNativeTarget "3dEarth" */;
			buildPhases = (
				741DBD1C2201253000953D4B /* Sources */,
				741DBD1D2201253000953D4B /* Frameworks */,
				741DBD1E2201253000953D4B /* Resources */,
			);
			buildRules = (
			);
			dependencies = (
			);
			name = 3dEarth;
			productName = 3dEarth;
			productReference = 741DBD202201253000953D4B /* 3dEarth.app */;
			productType = "com.apple.product-type.application";
		};
/* End PBXNativeTarget section */

/* Begin PBXProject section */
		741DBD182201253000953D4B /* Project object */ = {
			isa = PBXProject;
			attributes = {
				LastSwiftUpdateCheck = 1020;
				LastUpgradeCheck = 1020;
				ORGANIZATIONNAME = "Dmitry Novosyolov";
				TargetAttributes = {
					741DBD1F2201253000953D4B = {
						CreatedOnToolsVersion = 10.2;
					};
				};
			};
			buildConfigurationList = 741DBD1B2201253000953D4B /* Build configuration list for PBXProject "3dEarth" */;
			compatibilityVersion = "Xcode 9.3";
			developmentRegion = en;
			hasScannedForEncodings = 0;
			knownRegions = (
				en,
				Base,
			);
			mainGroup = 741DBD172201253000953D4B;
			productRefGroup = 741DBD212201253000953D4B /* Products */;
			projectDirPath = "";
			projectRoot = "";
			targets = (
				741DBD1F2201253000953D4B /* 3dEarth */,
			);
		};
/* End PBXProject section */

/* Begin PBXResourcesBuildPhase section */
		741DBD1E2201253000953D4B /* Resources */ = {
			isa = PBXResourcesBuildPhase;
			buildActionMask = 2147483647;
			files = (
				741DBD2E2201253200953D4B /* LaunchScreen.storyboard in Resources */,
				741DBD38220127DF00953D4B /* star.png in Resources */,
				741DBD2B2201253200953D4B /* Assets.xcassets in Resources */,
				741DBD37220127DF00953D4B /* StarsParticles.scnp in Resources */,
				741DBD292201253000953D4B /* Main.storyboard in Resources */,
			);
			runOnlyForDeploymentPostprocessing = 0;
		};
/* End PBXResourcesBuildPhase section */

/* Begin PBXSourcesBuildPhase section */
		741DBD1C2201253000953D4B /* Sources */ = {
			isa = PBXSourcesBuildPhase;
			buildActionMask = 2147483647;
			files = (
				741DBD262201253000953D4B /* ViewController.swift in Sources */,
				741DBD3A22012A0A00953D4B /* EarthNode.swift in Sources */,
				741DBD242201253000953D4B /* AppDelegate.swift in Sources */,
			);
			runOnlyForDeploymentPostprocessing = 0;
		};
/* End PBXSourcesBuildPhase section */

/* Begin PBXVariantGroup section */
		741DBD272201253000953D4B /* Main.storyboard */ = {
			isa = PBXVariantGroup;
			children = (
				741DBD282201253000953D4B /* Base */,
			);
			name = Main.storyboard;
			sourceTree = "<group>";
		};
		741DBD2C2201253200953D4B /* LaunchScreen.storyboard */ = {
			isa = PBXVariantGroup;
			children = (
				741DBD2D2201253200953D4B /* Base */,
			);
			name = LaunchScreen.storyboard;
			sourceTree = "<group>";
		};
/* End PBXVariantGroup section */

/* Begin XCBuildConfiguration section */
		741DBD302201253200953D4B /* Debug */ = {
			isa = XCBuildConfiguration;
			buildSettings = {
				ALWAYS_SEARCH_USER_PATHS = NO;
				CLANG_ANALYZER_NONNULL = YES;
				CLANG_ANALYZER_NUMBER_OBJECT_CONVERSION = YES_AGGRESSIVE;
				CLANG_CXX_LANGUAGE_STANDARD = "gnu++14";
				CLANG_CXX_LIBRARY = "libc++";
				CLANG_ENABLE_MODULES = YES;
				CLANG_ENABLE_OBJC_ARC = YES;
				CLANG_ENABLE_OBJC_WEAK = YES;
				CLANG_WARN_BLOCK_CAPTURE_AUTORELEASING = YES;
				CLANG_WARN_BOOL_CONVERSION = YES;
				CLANG_WARN_COMMA = YES;
				CLANG_WARN_CONSTANT_CONVERSION = YES;
				CLANG_WARN_DEPRECATED_OBJC_IMPLEMENTATIONS = YES;
				CLANG_WARN_DIRECT_OBJC_ISA_USAGE = YES_ERROR;
				CLANG_WARN_DOCUMENTATION_COMMENTS = YES;
				CLANG_WARN_EMPTY_BODY = YES;
				CLANG_WARN_ENUM_CONVERSION = YES;
				CLANG_WARN_INFINITE_RECURSION = YES;
				CLANG_WARN_INT_CONVERSION = YES;
				CLANG_WARN_NON_LITERAL_NULL_CONVERSION = YES;
				CLANG_WARN_OBJC_IMPLICIT_RETAIN_SELF = YES;
				CLANG_WARN_OBJC_LITERAL_CONVERSION = YES;
				CLANG_WARN_OBJC_ROOT_CLASS = YES_ERROR;
				CLANG_WARN_RANGE_LOOP_ANALYSIS = YES;
				CLANG_WARN_STRICT_PROTOTYPES = YES;
				CLANG_WARN_SUSPICIOUS_MOVE = YES;
				CLANG_WARN_UNGUARDED_AVAILABILITY = YES_AGGRESSIVE;
				CLANG_WARN_UNREACHABLE_CODE = YES;
				CLANG_WARN__DUPLICATE_METHOD_MATCH = YES;
				CODE_SIGN_IDENTITY = "iPhone Developer";
				COPY_PHASE_STRIP = NO;
				DEBUG_INFORMATION_FORMAT = dwarf;
				ENABLE_STRICT_OBJC_MSGSEND = YES;
				ENABLE_TESTABILITY = YES;
				GCC_C_LANGUAGE_STANDARD = gnu11;
				GCC_DYNAMIC_NO_PIC = NO;
				GCC_NO_COMMON_BLOCKS = YES;
				GCC_OPTIMIZATION_LEVEL = 0;
				GCC_PREPROCESSOR_DEFINITIONS = (
					"DEBUG=1",
					"$(inherited)",
				);
				GCC_WARN_64_TO_32_BIT_CONVERSION = YES;
				GCC_WARN_ABOUT_RETURN_TYPE = YES_ERROR;
				GCC_WARN_UNDECLARED_SELECTOR = YES;
				GCC_WARN_UNINITIALIZED_AUTOS = YES_AGGRESSIVE;
				GCC_WARN_UNUSED_FUNCTION = YES;
				GCC_WARN_UNUSED_VARIABLE = YES;
				IPHONEOS_DEPLOYMENT_TARGET = 12.2;
				MTL_ENABLE_DEBUG_INFO = INCLUDE_SOURCE;
				MTL_FAST_MATH = YES;
				ONLY_ACTIVE_ARCH = YES;
				SDKROOT = iphoneos;
				SWIFT_ACTIVE_COMPILATION_CONDITIONS = DEBUG;
				SWIFT_OPTIMIZATION_LEVEL = "-Onone";
			};
			name = Debug;
		};
		741DBD312201253200953D4B /* Release */ = {
			isa = XCBuildConfiguration;
			buildSettings = {
				ALWAYS_SEARCH_USER_PATHS = NO;
				CLANG_ANALYZER_NONNULL = YES;
				CLANG_ANALYZER_NUMBER_OBJECT_CONVERSION = YES_AGGRESSIVE;
				CLANG_CXX_LANGUAGE_STANDARD = "gnu++14";
				CLANG_CXX_LIBRARY = "libc++";
				CLANG_ENABLE_MODULES = YES;
				CLANG_ENABLE_OBJC_ARC = YES;
				CLANG_ENABLE_OBJC_WEAK = YES;
				CLANG_WARN_BLOCK_CAPTURE_AUTORELEASING = YES;
				CLANG_WARN_BOOL_CONVERSION = YES;
				CLANG_WARN_COMMA = YES;
				CLANG_WARN_CONSTANT_CONVERSION = YES;
				CLANG_WARN_DEPRECATED_OBJC_IMPLEMENTATIONS = YES;
				CLANG_WARN_DIRECT_OBJC_ISA_USAGE = YES_ERROR;
				CLANG_WARN_DOCUMENTATION_COMMENTS = YES;
				CLANG_WARN_EMPTY_BODY = YES;
				CLANG_WARN_ENUM_CONVERSION = YES;
				CLANG_WARN_INFINITE_RECURSION = YES;
				CLANG_WARN_INT_CONVERSION = YES;
				CLANG_WARN_NON_LITERAL_NULL_CONVERSION = YES;
				CLANG_WARN_OBJC_IMPLICIT_RETAIN_SELF = YES;
				CLANG_WARN_OBJC_LITERAL_CONVERSION = YES;
				CLANG_WARN_OBJC_ROOT_CLASS = YES_ERROR;
				CLANG_WARN_RANGE_LOOP_ANALYSIS = YES;
				CLANG_WARN_STRICT_PROTOTYPES = YES;
				CLANG_WARN_SUSPICIOUS_MOVE = YES;
				CLANG_WARN_UNGUARDED_AVAILABILITY = YES_AGGRESSIVE;
				CLANG_WARN_UNREACHABLE_CODE = YES;
				CLANG_WARN__DUPLICATE_METHOD_MATCH = YES;
				CODE_SIGN_IDENTITY = "iPhone Developer";
				COPY_PHASE_STRIP = NO;
				DEBUG_INFORMATION_FORMAT = "dwarf-with-dsym";
				ENABLE_NS_ASSERTIONS = NO;
				ENABLE_STRICT_OBJC_MSGSEND = YES;
				GCC_C_LANGUAGE_STANDARD = gnu11;
				GCC_NO_COMMON_BLOCKS = YES;
				GCC_WARN_64_TO_32_BIT_CONVERSION = YES;
				GCC_WARN_ABOUT_RETURN_TYPE = YES_ERROR;
				GCC_WARN_UNDECLARED_SELECTOR = YES;
				GCC_WARN_UNINITIALIZED_AUTOS = YES_AGGRESSIVE;
				GCC_WARN_UNUSED_FUNCTION = YES;
				GCC_WARN_UNUSED_VARIABLE = YES;
				IPHONEOS_DEPLOYMENT_TARGET = 12.2;
				MTL_ENABLE_DEBUG_INFO = NO;
				MTL_FAST_MATH = YES;
				SDKROOT = iphoneos;
				SWIFT_COMPILATION_MODE = wholemodule;
				SWIFT_OPTIMIZATION_LEVEL = "-O";
				VALIDATE_PRODUCT = YES;
			};
			name = Release;
		};
		741DBD332201253200953D4B /* Debug */ = {
			isa = XCBuildConfiguration;
			buildSettings = {
				ASSETCATALOG_COMPILER_APPICON_NAME = AppIcon;
				CODE_SIGN_STYLE = Automatic;
				DEVELOPMENT_TEAM = 3LF677RTA3;
				INFOPLIST_FILE = 3dEarth/Info.plist;
				IPHONEOS_DEPLOYMENT_TARGET = 12.1;
				LD_RUNPATH_SEARCH_PATHS = (
					"$(inherited)",
					"@executable_path/Frameworks",
				);
				PRODUCT_BUNDLE_IDENTIFIER = "learn.swift.ru.-dEarth";
				PRODUCT_NAME = "$(TARGET_NAME)";
				SWIFT_VERSION = 5.0;
				TARGETED_DEVICE_FAMILY = "1,2";
			};
			name = Debug;
		};
		741DBD342201253200953D4B /* Release */ = {
			isa = XCBuildConfiguration;
			buildSettings = {
				ASSETCATALOG_COMPILER_APPICON_NAME = AppIcon;
				CODE_SIGN_STYLE = Automatic;
				DEVELOPMENT_TEAM = 3LF677RTA3;
				INFOPLIST_FILE = 3dEarth/Info.plist;
				IPHONEOS_DEPLOYMENT_TARGET = 12.1;
				LD_RUNPATH_SEARCH_PATHS = (
					"$(inherited)",
					"@executable_path/Frameworks",
				);
				PRODUCT_BUNDLE_IDENTIFIER = "learn.swift.ru.-dEarth";
				PRODUCT_NAME = "$(TARGET_NAME)";
				SWIFT_VERSION = 5.0;
				TARGETED_DEVICE_FAMILY = "1,2";
			};
			name = Release;
		};
/* End XCBuildConfiguration section */

/* Begin XCConfigurationList section */
		741DBD1B2201253000953D4B /* Build configuration list for PBXProject "3dEarth" */ = {
			isa = XCConfigurationList;
			buildConfigurations = (
				741DBD302201253200953D4B /* Debug */,
				741DBD312201253200953D4B /* Release */,
			);
			defaultConfigurationIsVisible = 0;
			defaultConfigurationName = Release;
		};
		741DBD322201253200953D4B /* Build configuration list for PBXNativeTarget "3dEarth" */ = {
			isa = XCConfigurationList;
			buildConfigurations = (
				741DBD332201253200953D4B /* Debug */,
				741DBD342201253200953D4B /* Release */,
			);
			defaultConfigurationIsVisible = 0;
			defaultConfigurationName = Release;
		};
/* End XCConfigurationList section */
	};
	rootObject = 741DBD182201253000953D4B /* Project object */;
}
